
Microsoft Visual Studio Solution File, Format Version 12.00
# Visual Studio Version 17
VisualStudioVersion = 17.8.34525.116
MinimumVisualStudioVersion = 10.0.40219.1
Project("{FAE04EC0-301F-11D3-BF4B-00C04F79EFBC}") = "001_Practice", "001_Practice.csproj", "{DE6BF149-3AA0-4F8F-9CA7-E3AD4784002B}"
EndProject
Global
	GlobalSection(SolutionConfigurationPlatforms) = preSolution
		Debug|Any CPU = Debug|Any CPU
		Release|Any CPU = Release|Any CPU
	EndGlobalSection
	GlobalSection(ProjectConfigurationPlatforms) = postSolution
		{DE6BF149-3AA0-4F8F-9CA7-E3AD4784002B}.Debug|Any CPU.ActiveCfg = Debug|Any CPU
		{DE6BF149-3AA0-4F8F-9CA7-E3AD4784002B}.Debug|Any CPU.Build.0 = Debug|Any CPU
		{DE6BF149-3AA0-4F8F-9CA7-E3AD4784002B}.Release|Any CPU.ActiveCfg = Release|Any CPU
		{DE6BF149-3AA0-4F8F-9CA7-E3AD4784002B}.Release|Any CPU.Build.0 = Release|Any CPU
	EndGlobalSection
	GlobalSection(SolutionProperties) = preSolution
		HideSolutionNode = FALSE
	EndGlobalSection
	GlobalSection(ExtensibilityGlobals) = postSolution
		SolutionGuid = {2C6CC6A6-C24A-47EA-8574-0B2EDA4CA3AD}
	EndGlobalSection
EndGlobal
